
Microsoft Visual Studio Solution File, Format Version 12.00
# Visual Studio 2012
Project("{8BC9CEB8-8B4A-11D0-8D11-00A0C91BC942}") = "forloop", "forloop\forloop.vcxproj", "{7CD2D393-600F-4A7A-BE8E-2A3C344B68CE}"
EndProject
Global
	GlobalSection(SolutionConfigurationPlatforms) = preSolution
		Debug|Win32 = Debug|Win32
		Release|Win32 = Release|Win32
	EndGlobalSection
	GlobalSection(ProjectConfigurationPlatforms) = postSolution
		{7CD2D393-600F-4A7A-BE8E-2A3C344B68CE}.Debug|Win32.ActiveCfg = Debug|Win32
		{7CD2D393-600F-4A7A-BE8E-2A3C344B68CE}.Debug|Win32.Build.0 = Debug|Win32
		{7CD2D393-600F-4A7A-BE8E-2A3C344B68CE}.Release|Win32.ActiveCfg = Release|Win32
		{7CD2D393-600F-4A7A-BE8E-2A3C344B68CE}.Release|Win32.Build.0 = Release|Win32
	EndGlobalSection
	GlobalSection(SolutionProperties) = preSolution
		HideSolutionNode = FALSE
	EndGlobalSection
EndGlobal
